// !$*UTF8*$!
{
	archiveVersion = 1;
	classes = {
	};
	objectVersion = 50;
	objects = {

/* Begin PBXBuildFile section */
		110236062558CB9B00533592 /* Settings.bundle in Resources */ = {isa = PBXBuildFile; fileRef = 110236052558CB9B00533592 /* Settings.bundle */; };
		1132CBD225586501001F22B3 /* Notes.swift in Sources */ = {isa = PBXBuildFile; fileRef = 1132CBD125586501001F22B3 /* Notes.swift */; };
		113B1D0F2558A890000E37E8 /* NotesData.swift in Sources */ = {isa = PBXBuildFile; fileRef = 113B1D0E2558A890000E37E8 /* NotesData.swift */; };
		11FF7E2225589DE40086EF10 /* NotesTableViewCell.swift in Sources */ = {isa = PBXBuildFile; fileRef = 11FF7E2025589DE40086EF10 /* NotesTableViewCell.swift */; };
		11FF7E2325589DE40086EF10 /* NotesTableViewCell.xib in Resources */ = {isa = PBXBuildFile; fileRef = 11FF7E2125589DE40086EF10 /* NotesTableViewCell.xib */; };
		11FF7E282558A1860086EF10 /* AddEditViewController.swift in Sources */ = {isa = PBXBuildFile; fileRef = 11FF7E262558A1860086EF10 /* AddEditViewController.swift */; };
		11FF7E292558A1860086EF10 /* AddEditViewController.xib in Resources */ = {isa = PBXBuildFile; fileRef = 11FF7E272558A1860086EF10 /* AddEditViewController.xib */; };
		7FDD0A43255714C3002D5050 /* AppDelegate.swift in Sources */ = {isa = PBXBuildFile; fileRef = 7FDD0A42255714C3002D5050 /* AppDelegate.swift */; };
		7FDD0A45255714C3002D5050 /* ViewController.swift in Sources */ = {isa = PBXBuildFile; fileRef = 7FDD0A44255714C3002D5050 /* ViewController.swift */; };
		7FDD0A48255714C3002D5050 /* Main.storyboard in Resources */ = {isa = PBXBuildFile; fileRef = 7FDD0A46255714C3002D5050 /* Main.storyboard */; };
		7FDD0A4A255714C8002D5050 /* Assets.xcassets in Resources */ = {isa = PBXBuildFile; fileRef = 7FDD0A49255714C8002D5050 /* Assets.xcassets */; };
		7FDD0A4D255714C8002D5050 /* LaunchScreen.storyboard in Resources */ = {isa = PBXBuildFile; fileRef = 7FDD0A4B255714C8002D5050 /* LaunchScreen.storyboard */; };
/* End PBXBuildFile section */

/* Begin PBXFileReference section */
		110236052558CB9B00533592 /* Settings.bundle */ = {isa = PBXFileReference; lastKnownFileType = "wrapper.plug-in"; path = Settings.bundle; sourceTree = "<group>"; };
		1132CBD125586501001F22B3 /* Notes.swift */ = {isa = PBXFileReference; lastKnownFileType = sourcecode.swift; path = Notes.swift; sourceTree = "<group>"; };
		113B1D0E2558A890000E37E8 /* NotesData.swift */ = {isa = PBXFileReference; lastKnownFileType = sourcecode.swift; path = NotesData.swift; sourceTree = "<group>"; };
		11FF7E2025589DE40086EF10 /* NotesTableViewCell.swift */ = {isa = PBXFileReference; lastKnownFileType = sourcecode.swift; path = NotesTableViewCell.swift; sourceTree = "<group>"; };
		11FF7E2125589DE40086EF10 /* NotesTableViewCell.xib */ = {isa = PBXFileReference; lastKnownFileType = file.xib; path = NotesTableViewCell.xib; sourceTree = "<group>"; };
		11FF7E262558A1860086EF10 /* AddEditViewController.swift */ = {isa = PBXFileReference; lastKnownFileType = sourcecode.swift; path = AddEditViewController.swift; sourceTree = "<group>"; };
		11FF7E272558A1860086EF10 /* AddEditViewController.xib */ = {isa = PBXFileReference; lastKnownFileType = file.xib; path = AddEditViewController.xib; sourceTree = "<group>"; };
		7FDD0A3F255714C3002D5050 /* mynotes.app */ = {isa = PBXFileReference; explicitFileType = wrapper.application; includeInIndex = 0; path = mynotes.app; sourceTree = BUILT_PRODUCTS_DIR; };
		7FDD0A42255714C3002D5050 /* AppDelegate.swift */ = {isa = PBXFileReference; lastKnownFileType = sourcecode.swift; path = AppDelegate.swift; sourceTree = "<group>"; };
		7FDD0A44255714C3002D5050 /* ViewController.swift */ = {isa = PBXFileReference; lastKnownFileType = sourcecode.swift; path = ViewController.swift; sourceTree = "<group>"; };
		7FDD0A47255714C3002D5050 /* Base */ = {isa = PBXFileReference; lastKnownFileType = file.storyboard; name = Base; path = Base.lproj/Main.storyboard; sourceTree = "<group>"; };
		7FDD0A49255714C8002D5050 /* Assets.xcassets */ = {isa = PBXFileReference; lastKnownFileType = folder.assetcatalog; path = Assets.xcassets; sourceTree = "<group>"; };
		7FDD0A4C255714C8002D5050 /* Base */ = {isa = PBXFileReference; lastKnownFileType = file.storyboard; name = Base; path = Base.lproj/LaunchScreen.storyboard; sourceTree = "<group>"; };
		7FDD0A4E255714C8002D5050 /* Info.plist */ = {isa = PBXFileReference; lastKnownFileType = text.plist.xml; path = Info.plist; sourceTree = "<group>"; };
/* End PBXFileReference section */

/* Begin PBXFrameworksBuildPhase section */
		7FDD0A3C255714C3002D5050 /* Frameworks */ = {
			isa = PBXFrameworksBuildPhase;
			buildActionMask = 2147483647;
			files = (
			);
			runOnlyForDeploymentPostprocessing = 0;
		};
/* End PBXFrameworksBuildPhase section */

/* Begin PBXGroup section */
		1132CBD42558650B001F22B3 /* Model */ = {
			isa = PBXGroup;
			children = (
				1132CBD125586501001F22B3 /* Notes.swift */,
				113B1D0E2558A890000E37E8 /* NotesData.swift */,
			);
			path = Model;
			sourceTree = "<group>";
		};
		1132CBD525586512001F22B3 /* View */ = {
			isa = PBXGroup;
			children = (
				7FDD0A46255714C3002D5050 /* Main.storyboard */,
				11FF7E2125589DE40086EF10 /* NotesTableViewCell.xib */,
				11FF7E272558A1860086EF10 /* AddEditViewController.xib */,
			);
			path = View;
			sourceTree = "<group>";
		};
		1132CBD62558652F001F22B3 /* Controller */ = {
			isa = PBXGroup;
			children = (
				7FDD0A44255714C3002D5050 /* ViewController.swift */,
				11FF7E2025589DE40086EF10 /* NotesTableViewCell.swift */,
				11FF7E262558A1860086EF10 /* AddEditViewController.swift */,
			);
			path = Controller;
			sourceTree = "<group>";
		};
		7FDD0A36255714C2002D5050 = {
			isa = PBXGroup;
			children = (
				7FDD0A41255714C3002D5050 /* mynotes */,
				7FDD0A40255714C3002D5050 /* Products */,
			);
			sourceTree = "<group>";
		};
		7FDD0A40255714C3002D5050 /* Products */ = {
			isa = PBXGroup;
			children = (
				7FDD0A3F255714C3002D5050 /* mynotes.app */,
			);
			name = Products;
			sourceTree = "<group>";
		};
		7FDD0A41255714C3002D5050 /* mynotes */ = {
			isa = PBXGroup;
			children = (
				1132CBD62558652F001F22B3 /* Controller */,
				1132CBD525586512001F22B3 /* View */,
				1132CBD42558650B001F22B3 /* Model */,
				7FDD0A42255714C3002D5050 /* AppDelegate.swift */,
				7FDD0A49255714C8002D5050 /* Assets.xcassets */,
				7FDD0A4B255714C8002D5050 /* LaunchScreen.storyboard */,
				7FDD0A4E255714C8002D5050 /* Info.plist */,
				110236052558CB9B00533592 /* Settings.bundle */,
			);
			path = mynotes;
			sourceTree = "<group>";
		};
/* End PBXGroup section */

/* Begin PBXNativeTarget section */
		7FDD0A3E255714C3002D5050 /* mynotes */ = {
			isa = PBXNativeTarget;
			buildConfigurationList = 7FDD0A51255714C8002D5050 /* Build configuration list for PBXNativeTarget "mynotes" */;
			buildPhases = (
				7FDD0A3B255714C3002D5050 /* Sources */,
				7FDD0A3C255714C3002D5050 /* Frameworks */,
				7FDD0A3D255714C3002D5050 /* Resources */,
			);
			buildRules = (
			);
			dependencies = (
			);
			name = mynotes;
			productName = mynotes;
			productReference = 7FDD0A3F255714C3002D5050 /* mynotes.app */;
			productType = "com.apple.product-type.application";
		};
/* End PBXNativeTarget section */

/* Begin PBXProject section */
		7FDD0A37255714C2002D5050 /* Project object */ = {
			isa = PBXProject;
			attributes = {
				LastSwiftUpdateCheck = 1010;
				LastUpgradeCheck = 1210;
				ORGANIZATIONNAME = "Narindra Aditantyo";
				TargetAttributes = {
					7FDD0A3E255714C3002D5050 = {
						CreatedOnToolsVersion = 10.1;
						LastSwiftMigration = 1210;
					};
				};
			};
			buildConfigurationList = 7FDD0A3A255714C2002D5050 /* Build configuration list for PBXProject "mynotes" */;
			compatibilityVersion = "Xcode 9.3";
			developmentRegion = en;
			hasScannedForEncodings = 0;
			knownRegions = (
				en,
				Base,
			);
			mainGroup = 7FDD0A36255714C2002D5050;
			productRefGroup = 7FDD0A40255714C3002D5050 /* Products */;
			projectDirPath = "";
			projectRoot = "";
			targets = (
				7FDD0A3E255714C3002D5050 /* mynotes */,
			);
		};
/* End PBXProject section */

/* Begin PBXResourcesBuildPhase section */
		7FDD0A3D255714C3002D5050 /* Resources */ = {
			isa = PBXResourcesBuildPhase;
			buildActionMask = 2147483647;
			files = (
				7FDD0A4D255714C8002D5050 /* LaunchScreen.storyboard in Resources */,
				7FDD0A4A255714C8002D5050 /* Assets.xcassets in Resources */,
				7FDD0A48255714C3002D5050 /* Main.storyboard in Resources */,
				11FF7E292558A1860086EF10 /* AddEditViewController.xib in Resources */,
				110236062558CB9B00533592 /* Settings.bundle in Resources */,
				11FF7E2325589DE40086EF10 /* NotesTableViewCell.xib in Resources */,
			);
			runOnlyForDeploymentPostprocessing = 0;
		};
/* End PBXResourcesBuildPhase section */

/* Begin PBXSourcesBuildPhase section */
		7FDD0A3B255714C3002D5050 /* Sources */ = {
			isa = PBXSourcesBuildPhase;
			buildActionMask = 2147483647;
			files = (
				113B1D0F2558A890000E37E8 /* NotesData.swift in Sources */,
				7FDD0A45255714C3002D5050 /* ViewController.swift in Sources */,
				11FF7E282558A1860086EF10 /* AddEditViewController.swift in Sources */,
				7FDD0A43255714C3002D5050 /* AppDelegate.swift in Sources */,
				1132CBD225586501001F22B3 /* Notes.swift in Sources */,
				11FF7E2225589DE40086EF10 /* NotesTableViewCell.swift in Sources */,
			);
			runOnlyForDeploymentPostprocessing = 0;
		};
/* End PBXSourcesBuildPhase section */

/* Begin PBXVariantGroup section */
		7FDD0A46255714C3002D5050 /* Main.storyboard */ = {
			isa = PBXVariantGroup;
			children = (
				7FDD0A47255714C3002D5050 /* Base */,
			);
			name = Main.storyboard;
			sourceTree = "<group>";
		};
		7FDD0A4B255714C8002D5050 /* LaunchScreen.storyboard */ = {
			isa = PBXVariantGroup;
			children = (
				7FDD0A4C255714C8002D5050 /* Base */,
			);
			name = LaunchScreen.storyboard;
			sourceTree = "<group>";
		};
/* End PBXVariantGroup section */

/* Begin XCBuildConfiguration section */
		7FDD0A4F255714C8002D5050 /* Debug */ = {
			isa = XCBuildConfiguration;
			buildSettings = {
				ALWAYS_SEARCH_USER_PATHS = NO;
				CLANG_ANALYZER_NONNULL = YES;
				CLANG_ANALYZER_NUMBER_OBJECT_CONVERSION = YES_AGGRESSIVE;
				CLANG_CXX_LANGUAGE_STANDARD = "gnu++14";
				CLANG_CXX_LIBRARY = "libc++";
				CLANG_ENABLE_MODULES = YES;
				CLANG_ENABLE_OBJC_ARC = YES;
				CLANG_ENABLE_OBJC_WEAK = YES;
				CLANG_WARN_BLOCK_CAPTURE_AUTORELEASING = YES;
				CLANG_WARN_BOOL_CONVERSION = YES;
				CLANG_WARN_COMMA = YES;
				CLANG_WARN_CONSTANT_CONVERSION = YES;
				CLANG_WARN_DEPRECATED_OBJC_IMPLEMENTATIONS = YES;
				CLANG_WARN_DIRECT_OBJC_ISA_USAGE = YES_ERROR;
				CLANG_WARN_DOCUMENTATION_COMMENTS = YES;
				CLANG_WARN_EMPTY_BODY = YES;
				CLANG_WARN_ENUM_CONVERSION = YES;
				CLANG_WARN_INFINITE_RECURSION = YES;
				CLANG_WARN_INT_CONVERSION = YES;
				CLANG_WARN_NON_LITERAL_NULL_CONVERSION = YES;
				CLANG_WARN_OBJC_IMPLICIT_RETAIN_SELF = YES;
				CLANG_WARN_OBJC_LITERAL_CONVERSION = YES;
				CLANG_WARN_OBJC_ROOT_CLASS = YES_ERROR;
				CLANG_WARN_QUOTED_INCLUDE_IN_FRAMEWORK_HEADER = YES;
				CLANG_WARN_RANGE_LOOP_ANALYSIS = YES;
				CLANG_WARN_STRICT_PROTOTYPES = YES;
				CLANG_WARN_SUSPICIOUS_MOVE = YES;
				CLANG_WARN_UNGUARDED_AVAILABILITY = YES_AGGRESSIVE;
				CLANG_WARN_UNREACHABLE_CODE = YES;
				CLANG_WARN__DUPLICATE_METHOD_MATCH = YES;
				CODE_SIGN_IDENTITY = "iPhone Developer";
				COPY_PHASE_STRIP = NO;
				DEBUG_INFORMATION_FORMAT = dwarf;
				ENABLE_STRICT_OBJC_MSGSEND = YES;
				ENABLE_TESTABILITY = YES;
				GCC_C_LANGUAGE_STANDARD = gnu11;
				GCC_DYNAMIC_NO_PIC = NO;
				GCC_NO_COMMON_BLOCKS = YES;
				GCC_OPTIMIZATION_LEVEL = 0;
				GCC_PREPROCESSOR_DEFINITIONS = (
					"DEBUG=1",
					"$(inherited)",
				);
				GCC_WARN_64_TO_32_BIT_CONVERSION = YES;
				GCC_WARN_ABOUT_RETURN_TYPE = YES_ERROR;
				GCC_WARN_UNDECLARED_SELECTOR = YES;
				GCC_WARN_UNINITIALIZED_AUTOS = YES_AGGRESSIVE;
				GCC_WARN_UNUSED_FUNCTION = YES;
				GCC_WARN_UNUSED_VARIABLE = YES;
				IPHONEOS_DEPLOYMENT_TARGET = 12.1;
				MTL_ENABLE_DEBUG_INFO = INCLUDE_SOURCE;
				MTL_FAST_MATH = YES;
				ONLY_ACTIVE_ARCH = YES;
				SDKROOT = iphoneos;
				SWIFT_ACTIVE_COMPILATION_CONDITIONS = DEBUG;
				SWIFT_OPTIMIZATION_LEVEL = "-Onone";
				SWIFT_VERSION = 4.2;
			};
			name = Debug;
		};
		7FDD0A50255714C8002D5050 /* Release */ = {
			isa = XCBuildConfiguration;
			buildSettings = {
				ALWAYS_SEARCH_USER_PATHS = NO;
				CLANG_ANALYZER_NONNULL = YES;
				CLANG_ANALYZER_NUMBER_OBJECT_CONVERSION = YES_AGGRESSIVE;
				CLANG_CXX_LANGUAGE_STANDARD = "gnu++14";
				CLANG_CXX_LIBRARY = "libc++";
				CLANG_ENABLE_MODULES = YES;
				CLANG_ENABLE_OBJC_ARC = YES;
				CLANG_ENABLE_OBJC_WEAK = YES;
				CLANG_WARN_BLOCK_CAPTURE_AUTORELEASING = YES;
				CLANG_WARN_BOOL_CONVERSION = YES;
				CLANG_WARN_COMMA = YES;
				CLANG_WARN_CONSTANT_CONVERSION = YES;
				CLANG_WARN_DEPRECATED_OBJC_IMPLEMENTATIONS = YES;
				CLANG_WARN_DIRECT_OBJC_ISA_USAGE = YES_ERROR;
				CLANG_WARN_DOCUMENTATION_COMMENTS = YES;
				CLANG_WARN_EMPTY_BODY = YES;
				CLANG_WARN_ENUM_CONVERSION = YES;
				CLANG_WARN_INFINITE_RECURSION = YES;
				CLANG_WARN_INT_CONVERSION = YES;
				CLANG_WARN_NON_LITERAL_NULL_CONVERSION = YES;
				CLANG_WARN_OBJC_IMPLICIT_RETAIN_SELF = YES;
				CLANG_WARN_OBJC_LITERAL_CONVERSION = YES;
				CLANG_WARN_OBJC_ROOT_CLASS = YES_ERROR;
				CLANG_WARN_QUOTED_INCLUDE_IN_FRAMEWORK_HEADER = YES;
				CLANG_WARN_RANGE_LOOP_ANALYSIS = YES;
				CLANG_WARN_STRICT_PROTOTYPES = YES;
				CLANG_WARN_SUSPICIOUS_MOVE = YES;
				CLANG_WARN_UNGUARDED_AVAILABILITY = YES_AGGRESSIVE;
				CLANG_WARN_UNREACHABLE_CODE = YES;
				CLANG_WARN__DUPLICATE_METHOD_MATCH = YES;
				CODE_SIGN_IDENTITY = "iPhone Developer";
				COPY_PHASE_STRIP = NO;
				DEBUG_INFORMATION_FORMAT = "dwarf-with-dsym";
				ENABLE_NS_ASSERTIONS = NO;
				ENABLE_STRICT_OBJC_MSGSEND = YES;
				GCC_C_LANGUAGE_STANDARD = gnu11;
				GCC_NO_COMMON_BLOCKS = YES;
				GCC_WARN_64_TO_32_BIT_CONVERSION = YES;
				GCC_WARN_ABOUT_RETURN_TYPE = YES_ERROR;
				GCC_WARN_UNDECLARED_SELECTOR = YES;
				GCC_WARN_UNINITIALIZED_AUTOS = YES_AGGRESSIVE;
				GCC_WARN_UNUSED_FUNCTION = YES;
				GCC_WARN_UNUSED_VARIABLE = YES;
				IPHONEOS_DEPLOYMENT_TARGET = 12.1;
				MTL_ENABLE_DEBUG_INFO = NO;
				MTL_FAST_MATH = YES;
				SDKROOT = iphoneos;
				SWIFT_COMPILATION_MODE = wholemodule;
				SWIFT_OPTIMIZATION_LEVEL = "-O";
				SWIFT_VERSION = 4.2;
				VALIDATE_PRODUCT = YES;
			};
			name = Release;
		};
		7FDD0A52255714C8002D5050 /* Debug */ = {
			isa = XCBuildConfiguration;
			buildSettings = {
				ASSETCATALOG_COMPILER_APPICON_NAME = AppIcon;
				CODE_SIGN_STYLE = Automatic;
				INFOPLIST_FILE = mynotes/Info.plist;
				LD_RUNPATH_SEARCH_PATHS = (
					"$(inherited)",
					"@executable_path/Frameworks",
				);
				PRODUCT_BUNDLE_IDENTIFIER = com.narindraditantyo.mynotes;
				PRODUCT_NAME = "$(TARGET_NAME)";
				SWIFT_VERSION = 4.2;
				TARGETED_DEVICE_FAMILY = "1,2";
			};
			name = Debug;
		};
		7FDD0A53255714C8002D5050 /* Release */ = {
			isa = XCBuildConfiguration;
			buildSettings = {
				ASSETCATALOG_COMPILER_APPICON_NAME = AppIcon;
				CODE_SIGN_STYLE = Automatic;
				INFOPLIST_FILE = mynotes/Info.plist;
				LD_RUNPATH_SEARCH_PATHS = (
					"$(inherited)",
					"@executable_path/Frameworks",
				);
				PRODUCT_BUNDLE_IDENTIFIER = com.narindraditantyo.mynotes;
				PRODUCT_NAME = "$(TARGET_NAME)";
				SWIFT_VERSION = 4.2;
				TARGETED_DEVICE_FAMILY = "1,2";
			};
			name = Release;
		};
/* End XCBuildConfiguration section */

/* Begin XCConfigurationList section */
		7FDD0A3A255714C2002D5050 /* Build configuration list for PBXProject "mynotes" */ = {
			isa = XCConfigurationList;
			buildConfigurations = (
				7FDD0A4F255714C8002D5050 /* Debug */,
				7FDD0A50255714C8002D5050 /* Release */,
			);
			defaultConfigurationIsVisible = 0;
			defaultConfigurationName = Release;
		};
		7FDD0A51255714C8002D5050 /* Build configuration list for PBXNativeTarget "mynotes" */ = {
			isa = XCConfigurationList;
			buildConfigurations = (
				7FDD0A52255714C8002D5050 /* Debug */,
				7FDD0A53255714C8002D5050 /* Release */,
			);
			defaultConfigurationIsVisible = 0;
			defaultConfigurationName = Release;
		};
/* End XCConfigurationList section */
	};
	rootObject = 7FDD0A37255714C2002D5050 /* Project object */;
}
